// !$*UTF8*$!
{
	archiveVersion = 1;
	classes = {
	};
	objectVersion = 48;
	objects = {

/* Begin PBXBuildFile section */
		CAB3F72D200A12F6002D5385 /* AppDelegate.swift in Sources */ = {isa = PBXBuildFile; fileRef = CAB3F72C200A12F6002D5385 /* AppDelegate.swift */; };
		CAB3F72F200A12F6002D5385 /* ViewController.swift in Sources */ = {isa = PBXBuildFile; fileRef = CAB3F72E200A12F6002D5385 /* ViewController.swift */; };
		CAB3F732200A12F6002D5385 /* Main.storyboard in Resources */ = {isa = PBXBuildFile; fileRef = CAB3F730200A12F6002D5385 /* Main.storyboard */; };
		CAB3F734200A12F6002D5385 /* Assets.xcassets in Resources */ = {isa = PBXBuildFile; fileRef = CAB3F733200A12F6002D5385 /* Assets.xcassets */; };
		CAB3F737200A12F6002D5385 /* LaunchScreen.storyboard in Resources */ = {isa = PBXBuildFile; fileRef = CAB3F735200A12F6002D5385 /* LaunchScreen.storyboard */; };
		CAD49577200A177A001F3F03 /* Question.swift in Sources */ = {isa = PBXBuildFile; fileRef = CAD49576200A177A001F3F03 /* Question.swift */; };
		CAD49579200A1913001F3F03 /* QuestionBank.swift in Sources */ = {isa = PBXBuildFile; fileRef = CAD49578200A1913001F3F03 /* QuestionBank.swift */; };
		CAD495BA200AD3F3001F3F03 /* ProgressHUD.m in Sources */ = {isa = PBXBuildFile; fileRef = CAD495B8200AD3F3001F3F03 /* ProgressHUD.m */; };
		CAD495BB200AD3F3001F3F03 /* ProgressHUD.bundle in Resources */ = {isa = PBXBuildFile; fileRef = CAD495B9200AD3F3001F3F03 /* ProgressHUD.bundle */; };
/* End PBXBuildFile section */

/* Begin PBXFileReference section */
		CAB3F729200A12F6002D5385 /* KnowledgeKing.app */ = {isa = PBXFileReference; explicitFileType = wrapper.application; includeInIndex = 0; path = KnowledgeKing.app; sourceTree = BUILT_PRODUCTS_DIR; };
		CAB3F72C200A12F6002D5385 /* AppDelegate.swift */ = {isa = PBXFileReference; lastKnownFileType = sourcecode.swift; path = AppDelegate.swift; sourceTree = "<group>"; };
		CAB3F72E200A12F6002D5385 /* ViewController.swift */ = {isa = PBXFileReference; lastKnownFileType = sourcecode.swift; path = ViewController.swift; sourceTree = "<group>"; };
		CAB3F731200A12F6002D5385 /* Base */ = {isa = PBXFileReference; lastKnownFileType = file.storyboard; name = Base; path = Base.lproj/Main.storyboard; sourceTree = "<group>"; };
		CAB3F733200A12F6002D5385 /* Assets.xcassets */ = {isa = PBXFileReference; lastKnownFileType = folder.assetcatalog; path = Assets.xcassets; sourceTree = "<group>"; };
		CAB3F736200A12F6002D5385 /* Base */ = {isa = PBXFileReference; lastKnownFileType = file.storyboard; name = Base; path = Base.lproj/LaunchScreen.storyboard; sourceTree = "<group>"; };
		CAB3F738200A12F6002D5385 /* Info.plist */ = {isa = PBXFileReference; lastKnownFileType = text.plist.xml; path = Info.plist; sourceTree = "<group>"; };
		CAD49576200A177A001F3F03 /* Question.swift */ = {isa = PBXFileReference; lastKnownFileType = sourcecode.swift; path = Question.swift; sourceTree = "<group>"; };
		CAD49578200A1913001F3F03 /* QuestionBank.swift */ = {isa = PBXFileReference; lastKnownFileType = sourcecode.swift; path = QuestionBank.swift; sourceTree = "<group>"; };
		CAD495B6200AD3F2001F3F03 /* KnowledgeKing-Bridging-Header.h */ = {isa = PBXFileReference; lastKnownFileType = sourcecode.c.h; path = "KnowledgeKing-Bridging-Header.h"; sourceTree = "<group>"; };
		CAD495B7200AD3F3001F3F03 /* ProgressHUD.h */ = {isa = PBXFileReference; fileEncoding = 4; lastKnownFileType = sourcecode.c.h; name = ProgressHUD.h; path = ../../ProgressHUD.h; sourceTree = "<group>"; };
		CAD495B8200AD3F3001F3F03 /* ProgressHUD.m */ = {isa = PBXFileReference; fileEncoding = 4; lastKnownFileType = sourcecode.c.objc; name = ProgressHUD.m; path = ../../ProgressHUD.m; sourceTree = "<group>"; };
		CAD495B9200AD3F3001F3F03 /* ProgressHUD.bundle */ = {isa = PBXFileReference; lastKnownFileType = "wrapper.plug-in"; name = ProgressHUD.bundle; path = ../../ProgressHUD.bundle; sourceTree = "<group>"; };
/* End PBXFileReference section */

/* Begin PBXFrameworksBuildPhase section */
		CAB3F726200A12F6002D5385 /* Frameworks */ = {
			isa = PBXFrameworksBuildPhase;
			buildActionMask = 2147483647;
			files = (
			);
			runOnlyForDeploymentPostprocessing = 0;
		};
/* End PBXFrameworksBuildPhase section */

/* Begin PBXGroup section */
		CAB3F720200A12F6002D5385 = {
			isa = PBXGroup;
			children = (
				CAB3F72B200A12F6002D5385 /* KnowledgeKing */,
				CAB3F72A200A12F6002D5385 /* Products */,
			);
			sourceTree = "<group>";
		};
		CAB3F72A200A12F6002D5385 /* Products */ = {
			isa = PBXGroup;
			children = (
				CAB3F729200A12F6002D5385 /* KnowledgeKing.app */,
			);
			name = Products;
			sourceTree = "<group>";
		};
		CAB3F72B200A12F6002D5385 /* KnowledgeKing */ = {
			isa = PBXGroup;
			children = (
				CAB3F740200A1338002D5385 /* Control */,
				CAB3F73F200A1329002D5385 /* View */,
				CAB3F73E200A1300002D5385 /* Model */,
				CAB3F733200A12F6002D5385 /* Assets.xcassets */,
				CAB3F735200A12F6002D5385 /* LaunchScreen.storyboard */,
				CAB3F738200A12F6002D5385 /* Info.plist */,
				CAD495B9200AD3F3001F3F03 /* ProgressHUD.bundle */,
				CAD495B7200AD3F3001F3F03 /* ProgressHUD.h */,
				CAD495B8200AD3F3001F3F03 /* ProgressHUD.m */,
				CAD495B6200AD3F2001F3F03 /* KnowledgeKing-Bridging-Header.h */,
			);
			path = KnowledgeKing;
			sourceTree = "<group>";
		};
		CAB3F73E200A1300002D5385 /* Model */ = {
			isa = PBXGroup;
			children = (
				CAD49576200A177A001F3F03 /* Question.swift */,
				CAD49578200A1913001F3F03 /* QuestionBank.swift */,
			);
			path = Model;
			sourceTree = "<group>";
		};
		CAB3F73F200A1329002D5385 /* View */ = {
			isa = PBXGroup;
			children = (
				CAB3F730200A12F6002D5385 /* Main.storyboard */,
			);
			path = View;
			sourceTree = "<group>";
		};
		CAB3F740200A1338002D5385 /* Control */ = {
			isa = PBXGroup;
			children = (
				CAB3F72C200A12F6002D5385 /* AppDelegate.swift */,
				CAB3F72E200A12F6002D5385 /* ViewController.swift */,
			);
			path = Control;
			sourceTree = "<group>";
		};
/* End PBXGroup section */

/* Begin PBXNativeTarget section */
		CAB3F728200A12F6002D5385 /* KnowledgeKing */ = {
			isa = PBXNativeTarget;
			buildConfigurationList = CAB3F73B200A12F6002D5385 /* Build configuration list for PBXNativeTarget "KnowledgeKing" */;
			buildPhases = (
				CAB3F725200A12F6002D5385 /* Sources */,
				CAB3F726200A12F6002D5385 /* Frameworks */,
				CAB3F727200A12F6002D5385 /* Resources */,
			);
			buildRules = (
			);
			dependencies = (
			);
			name = KnowledgeKing;
			productName = KnowledgeKing;
			productReference = CAB3F729200A12F6002D5385 /* KnowledgeKing.app */;
			productType = "com.apple.product-type.application";
		};
/* End PBXNativeTarget section */

/* Begin PBXProject section */
		CAB3F721200A12F6002D5385 /* Project object */ = {
			isa = PBXProject;
			attributes = {
				LastSwiftUpdateCheck = 0920;
				LastUpgradeCheck = 0920;
				ORGANIZATIONNAME = Aptan;
				TargetAttributes = {
					CAB3F728200A12F6002D5385 = {
						CreatedOnToolsVersion = 9.2;
						LastSwiftMigration = 0920;
						ProvisioningStyle = Automatic;
					};
				};
			};
			buildConfigurationList = CAB3F724200A12F6002D5385 /* Build configuration list for PBXProject "KnowledgeKing" */;
			compatibilityVersion = "Xcode 8.0";
			developmentRegion = en;
			hasScannedForEncodings = 0;
			knownRegions = (
				en,
				Base,
			);
			mainGroup = CAB3F720200A12F6002D5385;
			productRefGroup = CAB3F72A200A12F6002D5385 /* Products */;
			projectDirPath = "";
			projectRoot = "";
			targets = (
				CAB3F728200A12F6002D5385 /* KnowledgeKing */,
			);
		};
/* End PBXProject section */

/* Begin PBXResourcesBuildPhase section */
		CAB3F727200A12F6002D5385 /* Resources */ = {
			isa = PBXResourcesBuildPhase;
			buildActionMask = 2147483647;
			files = (
				CAD495BB200AD3F3001F3F03 /* ProgressHUD.bundle in Resources */,
				CAB3F737200A12F6002D5385 /* LaunchScreen.storyboard in Resources */,
				CAB3F734200A12F6002D5385 /* Assets.xcassets in Resources */,
				CAB3F732200A12F6002D5385 /* Main.storyboard in Resources */,
			);
			runOnlyForDeploymentPostprocessing = 0;
		};
/* End PBXResourcesBuildPhase section */

/* Begin PBXSourcesBuildPhase section */
		CAB3F725200A12F6002D5385 /* Sources */ = {
			isa = PBXSourcesBuildPhase;
			buildActionMask = 2147483647;
			files = (
				CAD49577200A177A001F3F03 /* Question.swift in Sources */,
				CAD49579200A1913001F3F03 /* QuestionBank.swift in Sources */,
				CAD495BA200AD3F3001F3F03 /* ProgressHUD.m in Sources */,
				CAB3F72F200A12F6002D5385 /* ViewController.swift in Sources */,
				CAB3F72D200A12F6002D5385 /* AppDelegate.swift in Sources */,
			);
			runOnlyForDeploymentPostprocessing = 0;
		};
/* End PBXSourcesBuildPhase section */

/* Begin PBXVariantGroup section */
		CAB3F730200A12F6002D5385 /* Main.storyboard */ = {
			isa = PBXVariantGroup;
			children = (
				CAB3F731200A12F6002D5385 /* Base */,
			);
			name = Main.storyboard;
			sourceTree = "<group>";
		};
		CAB3F735200A12F6002D5385 /* LaunchScreen.storyboard */ = {
			isa = PBXVariantGroup;
			children = (
				CAB3F736200A12F6002D5385 /* Base */,
			);
			name = LaunchScreen.storyboard;
			sourceTree = "<group>";
		};
/* End PBXVariantGroup section */

/* Begin XCBuildConfiguration section */
		CAB3F739200A12F6002D5385 /* Debug */ = {
			isa = XCBuildConfiguration;
			buildSettings = {
				ALWAYS_SEARCH_USER_PATHS = NO;
				CLANG_ANALYZER_NONNULL = YES;
				CLANG_ANALYZER_NUMBER_OBJECT_CONVERSION = YES_AGGRESSIVE;
				CLANG_CXX_LANGUAGE_STANDARD = "gnu++14";
				CLANG_CXX_LIBRARY = "libc++";
				CLANG_ENABLE_MODULES = YES;
				CLANG_ENABLE_OBJC_ARC = YES;
				CLANG_WARN_BLOCK_CAPTURE_AUTORELEASING = YES;
				CLANG_WARN_BOOL_CONVERSION = YES;
				CLANG_WARN_COMMA = YES;
				CLANG_WARN_CONSTANT_CONVERSION = YES;
				CLANG_WARN_DIRECT_OBJC_ISA_USAGE = YES_ERROR;
				CLANG_WARN_DOCUMENTATION_COMMENTS = YES;
				CLANG_WARN_EMPTY_BODY = YES;
				CLANG_WARN_ENUM_CONVERSION = YES;
				CLANG_WARN_INFINITE_RECURSION = YES;
				CLANG_WARN_INT_CONVERSION = YES;
				CLANG_WARN_NON_LITERAL_NULL_CONVERSION = YES;
				CLANG_WARN_OBJC_LITERAL_CONVERSION = YES;
				CLANG_WARN_OBJC_ROOT_CLASS = YES_ERROR;
				CLANG_WARN_RANGE_LOOP_ANALYSIS = YES;
				CLANG_WARN_STRICT_PROTOTYPES = YES;
				CLANG_WARN_SUSPICIOUS_MOVE = YES;
				CLANG_WARN_UNGUARDED_AVAILABILITY = YES_AGGRESSIVE;
				CLANG_WARN_UNREACHABLE_CODE = YES;
				CLANG_WARN__DUPLICATE_METHOD_MATCH = YES;
				CODE_SIGN_IDENTITY = "iPhone Developer";
				COPY_PHASE_STRIP = NO;
				DEBUG_INFORMATION_FORMAT = dwarf;
				ENABLE_STRICT_OBJC_MSGSEND = YES;
				ENABLE_TESTABILITY = YES;
				GCC_C_LANGUAGE_STANDARD = gnu11;
				GCC_DYNAMIC_NO_PIC = NO;
				GCC_NO_COMMON_BLOCKS = YES;
				GCC_OPTIMIZATION_LEVEL = 0;
				GCC_PREPROCESSOR_DEFINITIONS = (
					"DEBUG=1",
					"$(inherited)",
				);
				GCC_WARN_64_TO_32_BIT_CONVERSION = YES;
				GCC_WARN_ABOUT_RETURN_TYPE = YES_ERROR;
				GCC_WARN_UNDECLARED_SELECTOR = YES;
				GCC_WARN_UNINITIALIZED_AUTOS = YES_AGGRESSIVE;
				GCC_WARN_UNUSED_FUNCTION = YES;
				GCC_WARN_UNUSED_VARIABLE = YES;
				IPHONEOS_DEPLOYMENT_TARGET = 11.2;
				MTL_ENABLE_DEBUG_INFO = YES;
				ONLY_ACTIVE_ARCH = YES;
				SDKROOT = iphoneos;
				SWIFT_ACTIVE_COMPILATION_CONDITIONS = DEBUG;
				SWIFT_OPTIMIZATION_LEVEL = "-Onone";
			};
			name = Debug;
		};
		CAB3F73A200A12F6002D5385 /* Release */ = {
			isa = XCBuildConfiguration;
			buildSettings = {
				ALWAYS_SEARCH_USER_PATHS = NO;
				CLANG_ANALYZER_NONNULL = YES;
				CLANG_ANALYZER_NUMBER_OBJECT_CONVERSION = YES_AGGRESSIVE;
				CLANG_CXX_LANGUAGE_STANDARD = "gnu++14";
				CLANG_CXX_LIBRARY = "libc++";
				CLANG_ENABLE_MODULES = YES;
				CLANG_ENABLE_OBJC_ARC = YES;
				CLANG_WARN_BLOCK_CAPTURE_AUTORELEASING = YES;
				CLANG_WARN_BOOL_CONVERSION = YES;
				CLANG_WARN_COMMA = YES;
				CLANG_WARN_CONSTANT_CONVERSION = YES;
				CLANG_WARN_DIRECT_OBJC_ISA_USAGE = YES_ERROR;
				CLANG_WARN_DOCUMENTATION_COMMENTS = YES;
				CLANG_WARN_EMPTY_BODY = YES;
				CLANG_WARN_ENUM_CONVERSION = YES;
				CLANG_WARN_INFINITE_RECURSION = YES;
				CLANG_WARN_INT_CONVERSION = YES;
				CLANG_WARN_NON_LITERAL_NULL_CONVERSION = YES;
				CLANG_WARN_OBJC_LITERAL_CONVERSION = YES;
				CLANG_WARN_OBJC_ROOT_CLASS = YES_ERROR;
				CLANG_WARN_RANGE_LOOP_ANALYSIS = YES;
				CLANG_WARN_STRICT_PROTOTYPES = YES;
				CLANG_WARN_SUSPICIOUS_MOVE = YES;
				CLANG_WARN_UNGUARDED_AVAILABILITY = YES_AGGRESSIVE;
				CLANG_WARN_UNREACHABLE_CODE = YES;
				CLANG_WARN__DUPLICATE_METHOD_MATCH = YES;
				CODE_SIGN_IDENTITY = "iPhone Developer";
				COPY_PHASE_STRIP = NO;
				DEBUG_INFORMATION_FORMAT = "dwarf-with-dsym";
				ENABLE_NS_ASSERTIONS = NO;
				ENABLE_STRICT_OBJC_MSGSEND = YES;
				GCC_C_LANGUAGE_STANDARD = gnu11;
				GCC_NO_COMMON_BLOCKS = YES;
				GCC_WARN_64_TO_32_BIT_CONVERSION = YES;
				GCC_WARN_ABOUT_RETURN_TYPE = YES_ERROR;
				GCC_WARN_UNDECLARED_SELECTOR = YES;
				GCC_WARN_UNINITIALIZED_AUTOS = YES_AGGRESSIVE;
				GCC_WARN_UNUSED_FUNCTION = YES;
				GCC_WARN_UNUSED_VARIABLE = YES;
				IPHONEOS_DEPLOYMENT_TARGET = 11.2;
				MTL_ENABLE_DEBUG_INFO = NO;
				SDKROOT = iphoneos;
				SWIFT_OPTIMIZATION_LEVEL = "-Owholemodule";
				VALIDATE_PRODUCT = YES;
			};
			name = Release;
		};
		CAB3F73C200A12F6002D5385 /* Debug */ = {
			isa = XCBuildConfiguration;
			buildSettings = {
				ASSETCATALOG_COMPILER_APPICON_NAME = AppIcon;
				CLANG_ENABLE_MODULES = YES;
				CODE_SIGN_STYLE = Automatic;
				DEVELOPMENT_TEAM = CCZFJ54UN4;
				INFOPLIST_FILE = KnowledgeKing/Info.plist;
				LD_RUNPATH_SEARCH_PATHS = "$(inherited) @executable_path/Frameworks";
				PRODUCT_BUNDLE_IDENTIFIER = com.aptan.KnowledgeKing;
				PRODUCT_NAME = "$(TARGET_NAME)";
				SWIFT_OBJC_BRIDGING_HEADER = "KnowledgeKing/KnowledgeKing-Bridging-Header.h";
				SWIFT_OPTIMIZATION_LEVEL = "-Onone";
				SWIFT_VERSION = 4.0;
				TARGETED_DEVICE_FAMILY = "1,2";
			};
			name = Debug;
		};
		CAB3F73D200A12F6002D5385 /* Release */ = {
			isa = XCBuildConfiguration;
			buildSettings = {
				ASSETCATALOG_COMPILER_APPICON_NAME = AppIcon;
				CLANG_ENABLE_MODULES = YES;
				CODE_SIGN_STYLE = Automatic;
				DEVELOPMENT_TEAM = CCZFJ54UN4;
				INFOPLIST_FILE = KnowledgeKing/Info.plist;
				LD_RUNPATH_SEARCH_PATHS = "$(inherited) @executable_path/Frameworks";
				PRODUCT_BUNDLE_IDENTIFIER = com.aptan.KnowledgeKing;
				PRODUCT_NAME = "$(TARGET_NAME)";
				SWIFT_OBJC_BRIDGING_HEADER = "KnowledgeKing/KnowledgeKing-Bridging-Header.h";
				SWIFT_VERSION = 4.0;
				TARGETED_DEVICE_FAMILY = "1,2";
			};
			name = Release;
		};
/* End XCBuildConfiguration section */

/* Begin XCConfigurationList section */
		CAB3F724200A12F6002D5385 /* Build configuration list for PBXProject "KnowledgeKing" */ = {
			isa = XCConfigurationList;
			buildConfigurations = (
				CAB3F739200A12F6002D5385 /* Debug */,
				CAB3F73A200A12F6002D5385 /* Release */,
			);
			defaultConfigurationIsVisible = 0;
			defaultConfigurationName = Release;
		};
		CAB3F73B200A12F6002D5385 /* Build configuration list for PBXNativeTarget "KnowledgeKing" */ = {
			isa = XCConfigurationList;
			buildConfigurations = (
				CAB3F73C200A12F6002D5385 /* Debug */,
				CAB3F73D200A12F6002D5385 /* Release */,
			);
			defaultConfigurationIsVisible = 0;
			defaultConfigurationName = Release;
		};
/* End XCConfigurationList section */
	};
	rootObject = CAB3F721200A12F6002D5385 /* Project object */;
}
